
Microsoft Visual Studio Solution File, Format Version 12.00
# Visual Studio 15
VisualStudioVersion = 15.0.26228.9
MinimumVisualStudioVersion = 10.0.40219.1
Project("{A07B5EB6-E848-4116-A8D0-A826331D98C6}") = "xray", "xray\xray.sfproj", "{05621CCA-A422-49D8-B8FC-345A22E94F40}"
EndProject
Project("{FAE04EC0-301F-11D3-BF4B-00C04F79EFBC}") = "xray.Common", "xray.Common\xray.Common.csproj", "{3E972D33-DE43-40C6-934A-A7D805F87B0A}"
EndProject
Project("{FAE04EC0-301F-11D3-BF4B-00C04F79EFBC}") = "xray.Common.Tests", "xray.Common.Tests\xray.Common.Tests.csproj", "{F4EDF725-53D5-4B8D-83BE-B22B31EEE58E}"
EndProject
Project("{FAE04EC0-301F-11D3-BF4B-00C04F79EFBC}") = "xray.Domain", "xray.Domain\xray.Domain.csproj", "{038997E7-BCCC-41B6-B50C-45AFE74B67F3}"
EndProject
Project("{9A19103F-16F7-4668-BE54-9A1E7A4F7556}") = "xray.WebService", "xray.WebService\xray.WebService.csproj", "{0B14DFFC-9C58-4177-B43A-786F34047F30}"
EndProject
Project("{FAE04EC0-301F-11D3-BF4B-00C04F79EFBC}") = "xray.DataService", "xray.DataService\xray.DataService.csproj", "{065175EA-ADF3-46EF-9750-41FDB134DA52}"
EndProject
Global
	GlobalSection(SolutionConfigurationPlatforms) = preSolution
		Debug|x64 = Debug|x64
		Release|x64 = Release|x64
	EndGlobalSection
	GlobalSection(ProjectConfigurationPlatforms) = postSolution
		{05621CCA-A422-49D8-B8FC-345A22E94F40}.Debug|x64.ActiveCfg = Debug|x64
		{05621CCA-A422-49D8-B8FC-345A22E94F40}.Debug|x64.Build.0 = Debug|x64
		{05621CCA-A422-49D8-B8FC-345A22E94F40}.Debug|x64.Deploy.0 = Debug|x64
		{05621CCA-A422-49D8-B8FC-345A22E94F40}.Release|x64.ActiveCfg = Release|x64
		{05621CCA-A422-49D8-B8FC-345A22E94F40}.Release|x64.Build.0 = Release|x64
		{05621CCA-A422-49D8-B8FC-345A22E94F40}.Release|x64.Deploy.0 = Release|x64
		{3E972D33-DE43-40C6-934A-A7D805F87B0A}.Debug|x64.ActiveCfg = Debug|Any CPU
		{3E972D33-DE43-40C6-934A-A7D805F87B0A}.Debug|x64.Build.0 = Debug|Any CPU
		{3E972D33-DE43-40C6-934A-A7D805F87B0A}.Release|x64.ActiveCfg = Release|Any CPU
		{3E972D33-DE43-40C6-934A-A7D805F87B0A}.Release|x64.Build.0 = Release|Any CPU
		{F4EDF725-53D5-4B8D-83BE-B22B31EEE58E}.Debug|x64.ActiveCfg = Debug|Any CPU
		{F4EDF725-53D5-4B8D-83BE-B22B31EEE58E}.Debug|x64.Build.0 = Debug|Any CPU
		{F4EDF725-53D5-4B8D-83BE-B22B31EEE58E}.Release|x64.ActiveCfg = Release|Any CPU
		{F4EDF725-53D5-4B8D-83BE-B22B31EEE58E}.Release|x64.Build.0 = Release|Any CPU
		{038997E7-BCCC-41B6-B50C-45AFE74B67F3}.Debug|x64.ActiveCfg = Debug|Any CPU
		{038997E7-BCCC-41B6-B50C-45AFE74B67F3}.Debug|x64.Build.0 = Debug|Any CPU
		{038997E7-BCCC-41B6-B50C-45AFE74B67F3}.Release|x64.ActiveCfg = Release|Any CPU
		{038997E7-BCCC-41B6-B50C-45AFE74B67F3}.Release|x64.Build.0 = Release|Any CPU
		{0B14DFFC-9C58-4177-B43A-786F34047F30}.Debug|x64.ActiveCfg = Debug|Any CPU
		{0B14DFFC-9C58-4177-B43A-786F34047F30}.Debug|x64.Build.0 = Debug|Any CPU
		{0B14DFFC-9C58-4177-B43A-786F34047F30}.Release|x64.ActiveCfg = Release|Any CPU
		{0B14DFFC-9C58-4177-B43A-786F34047F30}.Release|x64.Build.0 = Release|Any CPU
		{065175EA-ADF3-46EF-9750-41FDB134DA52}.Debug|x64.ActiveCfg = Debug|Any CPU
		{065175EA-ADF3-46EF-9750-41FDB134DA52}.Debug|x64.Build.0 = Debug|Any CPU
		{065175EA-ADF3-46EF-9750-41FDB134DA52}.Release|x64.ActiveCfg = Release|Any CPU
		{065175EA-ADF3-46EF-9750-41FDB134DA52}.Release|x64.Build.0 = Release|Any CPU
	EndGlobalSection
	GlobalSection(SolutionProperties) = preSolution
		HideSolutionNode = FALSE
	EndGlobalSection
EndGlobal
