
Microsoft Visual Studio Solution File, Format Version 12.00
# Visual Studio 15
VisualStudioVersion = 15.0.26228.4
MinimumVisualStudioVersion = 10.0.40219.1
Project("{A07B5EB6-E848-4116-A8D0-A826331D98C6}") = "xray", "xray\xray.sfproj", "{41829464-E11F-4394-BDAF-D7C66E770C0D}"
	ProjectSection(ProjectDependencies) = postProject
		{6D846210-BB27-4D90-A264-A5F2210449DC} = {6D846210-BB27-4D90-A264-A5F2210449DC}
		{91F73C62-AD72-43B2-9574-6BF4AF0387E0} = {91F73C62-AD72-43B2-9574-6BF4AF0387E0}
	EndProjectSection
EndProject
Project("{9A19103F-16F7-4668-BE54-9A1E7A4F7556}") = "xray.Web", "xray.Web\xray.Web.csproj", "{8F51D8EF-B9FB-46F4-9571-B375E780957F}"
EndProject
Project("{9A19103F-16F7-4668-BE54-9A1E7A4F7556}") = "xray.Data", "xray.Data\xray.Data.csproj", "{7730A3D5-1C9F-4DE0-A6A2-074C273CC727}"
EndProject
Project("{9A19103F-16F7-4668-BE54-9A1E7A4F7556}") = "xray.Domain", "xray.Domain\xray.Domain.csproj", "{91F73C62-AD72-43B2-9574-6BF4AF0387E0}"
EndProject
Project("{9A19103F-16F7-4668-BE54-9A1E7A4F7556}") = "xray.Common", "xray.Common\xray.Common.csproj", "{6D846210-BB27-4D90-A264-A5F2210449DC}"
EndProject
Project("{9A19103F-16F7-4668-BE54-9A1E7A4F7556}") = "xray.Common.Tests", "xray.Common.Tests\xray.Common.Tests.csproj", "{61F1731A-EBD2-4D64-98AC-0D9BE42F5CE8}"
EndProject
Global
	GlobalSection(SolutionConfigurationPlatforms) = preSolution
		Debug|Any CPU = Debug|Any CPU
		Debug|x64 = Debug|x64
		LocalServer|Any CPU = LocalServer|Any CPU
		LocalServer|x64 = LocalServer|x64
		Release|Any CPU = Release|Any CPU
		Release|x64 = Release|x64
	EndGlobalSection
	GlobalSection(ProjectConfigurationPlatforms) = postSolution
		{41829464-E11F-4394-BDAF-D7C66E770C0D}.Debug|Any CPU.ActiveCfg = Debug|x64
		{41829464-E11F-4394-BDAF-D7C66E770C0D}.Debug|x64.ActiveCfg = Debug|x64
		{41829464-E11F-4394-BDAF-D7C66E770C0D}.Debug|x64.Build.0 = Debug|x64
		{41829464-E11F-4394-BDAF-D7C66E770C0D}.Debug|x64.Deploy.0 = Debug|x64
		{41829464-E11F-4394-BDAF-D7C66E770C0D}.LocalServer|Any CPU.ActiveCfg = LocalServer|x64
		{41829464-E11F-4394-BDAF-D7C66E770C0D}.LocalServer|x64.ActiveCfg = LocalServer|x64
		{41829464-E11F-4394-BDAF-D7C66E770C0D}.LocalServer|x64.Build.0 = LocalServer|x64
		{41829464-E11F-4394-BDAF-D7C66E770C0D}.LocalServer|x64.Deploy.0 = LocalServer|x64
		{41829464-E11F-4394-BDAF-D7C66E770C0D}.Release|Any CPU.ActiveCfg = Release|x64
		{41829464-E11F-4394-BDAF-D7C66E770C0D}.Release|x64.ActiveCfg = Release|x64
		{41829464-E11F-4394-BDAF-D7C66E770C0D}.Release|x64.Build.0 = Release|x64
		{41829464-E11F-4394-BDAF-D7C66E770C0D}.Release|x64.Deploy.0 = Release|x64
		{8F51D8EF-B9FB-46F4-9571-B375E780957F}.Debug|Any CPU.ActiveCfg = Debug|Any CPU
		{8F51D8EF-B9FB-46F4-9571-B375E780957F}.Debug|Any CPU.Build.0 = Debug|Any CPU
		{8F51D8EF-B9FB-46F4-9571-B375E780957F}.Debug|x64.ActiveCfg = Debug|Any CPU
		{8F51D8EF-B9FB-46F4-9571-B375E780957F}.Debug|x64.Build.0 = Debug|Any CPU
		{8F51D8EF-B9FB-46F4-9571-B375E780957F}.LocalServer|Any CPU.ActiveCfg = LocalServer|Any CPU
		{8F51D8EF-B9FB-46F4-9571-B375E780957F}.LocalServer|Any CPU.Build.0 = LocalServer|Any CPU
		{8F51D8EF-B9FB-46F4-9571-B375E780957F}.LocalServer|x64.ActiveCfg = LocalServer|Any CPU
		{8F51D8EF-B9FB-46F4-9571-B375E780957F}.LocalServer|x64.Build.0 = LocalServer|Any CPU
		{8F51D8EF-B9FB-46F4-9571-B375E780957F}.Release|Any CPU.ActiveCfg = Release|Any CPU
		{8F51D8EF-B9FB-46F4-9571-B375E780957F}.Release|Any CPU.Build.0 = Release|Any CPU
		{8F51D8EF-B9FB-46F4-9571-B375E780957F}.Release|x64.ActiveCfg = Release|Any CPU
		{8F51D8EF-B9FB-46F4-9571-B375E780957F}.Release|x64.Build.0 = Release|Any CPU
		{7730A3D5-1C9F-4DE0-A6A2-074C273CC727}.Debug|Any CPU.ActiveCfg = Debug|Any CPU
		{7730A3D5-1C9F-4DE0-A6A2-074C273CC727}.Debug|Any CPU.Build.0 = Debug|Any CPU
		{7730A3D5-1C9F-4DE0-A6A2-074C273CC727}.Debug|x64.ActiveCfg = Debug|Any CPU
		{7730A3D5-1C9F-4DE0-A6A2-074C273CC727}.Debug|x64.Build.0 = Debug|Any CPU
		{7730A3D5-1C9F-4DE0-A6A2-074C273CC727}.LocalServer|Any CPU.ActiveCfg = Release|Any CPU
		{7730A3D5-1C9F-4DE0-A6A2-074C273CC727}.LocalServer|Any CPU.Build.0 = Release|Any CPU
		{7730A3D5-1C9F-4DE0-A6A2-074C273CC727}.LocalServer|x64.ActiveCfg = Debug|Any CPU
		{7730A3D5-1C9F-4DE0-A6A2-074C273CC727}.LocalServer|x64.Build.0 = Debug|Any CPU
		{7730A3D5-1C9F-4DE0-A6A2-074C273CC727}.Release|Any CPU.ActiveCfg = Release|Any CPU
		{7730A3D5-1C9F-4DE0-A6A2-074C273CC727}.Release|Any CPU.Build.0 = Release|Any CPU
		{7730A3D5-1C9F-4DE0-A6A2-074C273CC727}.Release|x64.ActiveCfg = Release|Any CPU
		{7730A3D5-1C9F-4DE0-A6A2-074C273CC727}.Release|x64.Build.0 = Release|Any CPU
		{91F73C62-AD72-43B2-9574-6BF4AF0387E0}.Debug|Any CPU.ActiveCfg = Debug|Any CPU
		{91F73C62-AD72-43B2-9574-6BF4AF0387E0}.Debug|Any CPU.Build.0 = Debug|Any CPU
		{91F73C62-AD72-43B2-9574-6BF4AF0387E0}.Debug|x64.ActiveCfg = Debug|Any CPU
		{91F73C62-AD72-43B2-9574-6BF4AF0387E0}.Debug|x64.Build.0 = Debug|Any CPU
		{91F73C62-AD72-43B2-9574-6BF4AF0387E0}.LocalServer|Any CPU.ActiveCfg = Debug|Any CPU
		{91F73C62-AD72-43B2-9574-6BF4AF0387E0}.LocalServer|Any CPU.Build.0 = Debug|Any CPU
		{91F73C62-AD72-43B2-9574-6BF4AF0387E0}.LocalServer|x64.ActiveCfg = Release|Any CPU
		{91F73C62-AD72-43B2-9574-6BF4AF0387E0}.LocalServer|x64.Build.0 = Release|Any CPU
		{91F73C62-AD72-43B2-9574-6BF4AF0387E0}.Release|Any CPU.ActiveCfg = Release|Any CPU
		{91F73C62-AD72-43B2-9574-6BF4AF0387E0}.Release|Any CPU.Build.0 = Release|Any CPU
		{91F73C62-AD72-43B2-9574-6BF4AF0387E0}.Release|x64.ActiveCfg = Release|Any CPU
		{91F73C62-AD72-43B2-9574-6BF4AF0387E0}.Release|x64.Build.0 = Release|Any CPU
		{6D846210-BB27-4D90-A264-A5F2210449DC}.Debug|Any CPU.ActiveCfg = Debug|Any CPU
		{6D846210-BB27-4D90-A264-A5F2210449DC}.Debug|Any CPU.Build.0 = Debug|Any CPU
		{6D846210-BB27-4D90-A264-A5F2210449DC}.Debug|x64.ActiveCfg = Debug|Any CPU
		{6D846210-BB27-4D90-A264-A5F2210449DC}.Debug|x64.Build.0 = Debug|Any CPU
		{6D846210-BB27-4D90-A264-A5F2210449DC}.LocalServer|Any CPU.ActiveCfg = Debug|Any CPU
		{6D846210-BB27-4D90-A264-A5F2210449DC}.LocalServer|Any CPU.Build.0 = Debug|Any CPU
		{6D846210-BB27-4D90-A264-A5F2210449DC}.LocalServer|x64.ActiveCfg = Release|Any CPU
		{6D846210-BB27-4D90-A264-A5F2210449DC}.LocalServer|x64.Build.0 = Release|Any CPU
		{6D846210-BB27-4D90-A264-A5F2210449DC}.Release|Any CPU.ActiveCfg = Release|Any CPU
		{6D846210-BB27-4D90-A264-A5F2210449DC}.Release|Any CPU.Build.0 = Release|Any CPU
		{6D846210-BB27-4D90-A264-A5F2210449DC}.Release|x64.ActiveCfg = Release|Any CPU
		{6D846210-BB27-4D90-A264-A5F2210449DC}.Release|x64.Build.0 = Release|Any CPU
		{61F1731A-EBD2-4D64-98AC-0D9BE42F5CE8}.Debug|Any CPU.ActiveCfg = Debug|Any CPU
		{61F1731A-EBD2-4D64-98AC-0D9BE42F5CE8}.Debug|Any CPU.Build.0 = Debug|Any CPU
		{61F1731A-EBD2-4D64-98AC-0D9BE42F5CE8}.Debug|x64.ActiveCfg = Debug|Any CPU
		{61F1731A-EBD2-4D64-98AC-0D9BE42F5CE8}.Debug|x64.Build.0 = Debug|Any CPU
		{61F1731A-EBD2-4D64-98AC-0D9BE42F5CE8}.LocalServer|Any CPU.ActiveCfg = Debug|Any CPU
		{61F1731A-EBD2-4D64-98AC-0D9BE42F5CE8}.LocalServer|Any CPU.Build.0 = Debug|Any CPU
		{61F1731A-EBD2-4D64-98AC-0D9BE42F5CE8}.LocalServer|x64.ActiveCfg = Debug|Any CPU
		{61F1731A-EBD2-4D64-98AC-0D9BE42F5CE8}.LocalServer|x64.Build.0 = Debug|Any CPU
		{61F1731A-EBD2-4D64-98AC-0D9BE42F5CE8}.Release|Any CPU.ActiveCfg = Release|Any CPU
		{61F1731A-EBD2-4D64-98AC-0D9BE42F5CE8}.Release|Any CPU.Build.0 = Release|Any CPU
		{61F1731A-EBD2-4D64-98AC-0D9BE42F5CE8}.Release|x64.ActiveCfg = Release|Any CPU
		{61F1731A-EBD2-4D64-98AC-0D9BE42F5CE8}.Release|x64.Build.0 = Release|Any CPU
	EndGlobalSection
	GlobalSection(SolutionProperties) = preSolution
		HideSolutionNode = FALSE
	EndGlobalSection
EndGlobal
